
Microsoft Visual Studio Solution File, Format Version 12.00
# Visual Studio 15
VisualStudioVersion = 15.0.28307.1082
MinimumVisualStudioVersion = 10.0.40219.1
Project("{FAE04EC0-301F-11D3-BF4B-00C04F79EFBC}") = "Demo", "Demo\Demo.csproj", "{137EA2CC-8D26-4E4C-B358-F124BA37D92C}"
EndProject
Global
	GlobalSection(SolutionConfigurationPlatforms) = preSolution
		Debug|Any CPU = Debug|Any CPU
		Release|Any CPU = Release|Any CPU
	EndGlobalSection
	GlobalSection(ProjectConfigurationPlatforms) = postSolution
		{137EA2CC-8D26-4E4C-B358-F124BA37D92C}.Debug|Any CPU.ActiveCfg = Debug|Any CPU
		{137EA2CC-8D26-4E4C-B358-F124BA37D92C}.Debug|Any CPU.Build.0 = Debug|Any CPU
		{137EA2CC-8D26-4E4C-B358-F124BA37D92C}.Release|Any CPU.ActiveCfg = Release|Any CPU
		{137EA2CC-8D26-4E4C-B358-F124BA37D92C}.Release|Any CPU.Build.0 = Release|Any CPU
	EndGlobalSection
	GlobalSection(SolutionProperties) = preSolution
		HideSolutionNode = FALSE
	EndGlobalSection
	GlobalSection(ExtensibilityGlobals) = postSolution
		SolutionGuid = {2F9AB5C8-DFB2-4B3F-B227-BE5E0C406FA4}
	EndGlobalSection
EndGlobal
